
Microsoft Visual Studio Solution File, Format Version 12.00
# Visual Studio Version 17
VisualStudioVersion = 17.13.35913.81 d17.13
MinimumVisualStudioVersion = 10.0.40219.1
Project("{FAE04EC0-301F-11D3-BF4B-00C04F79EFBC}") = "BCSH2_RPG_Generator", "BCSH2_RPG_Generator\BCSH2_RPG_Generator.csproj", "{485ACF11-0356-4977-838C-8AC0DA97D7F5}"
EndProject
Global
	GlobalSection(SolutionConfigurationPlatforms) = preSolution
		Debug|Any CPU = Debug|Any CPU
		Release|Any CPU = Release|Any CPU
	EndGlobalSection
	GlobalSection(ProjectConfigurationPlatforms) = postSolution
		{485ACF11-0356-4977-838C-8AC0DA97D7F5}.Debug|Any CPU.ActiveCfg = Debug|Any CPU
		{485ACF11-0356-4977-838C-8AC0DA97D7F5}.Debug|Any CPU.Build.0 = Debug|Any CPU
		{485ACF11-0356-4977-838C-8AC0DA97D7F5}.Release|Any CPU.ActiveCfg = Release|Any CPU
		{485ACF11-0356-4977-838C-8AC0DA97D7F5}.Release|Any CPU.Build.0 = Release|Any CPU
	EndGlobalSection
	GlobalSection(SolutionProperties) = preSolution
		HideSolutionNode = FALSE
	EndGlobalSection
	GlobalSection(ExtensibilityGlobals) = postSolution
		SolutionGuid = {5F336829-2211-4FDD-BE2D-9EC57E843E3C}
	EndGlobalSection
EndGlobal
